// !$*UTF8*$!
{
	archiveVersion = 1;
	classes = {
	};
	objectVersion = 50;
	objects = {

/* Begin PBXBuildFile section */
		5B113FFD237A188D0097081D /* AppDelegate.swift in Sources */ = {isa = PBXBuildFile; fileRef = 5B113FFC237A188D0097081D /* AppDelegate.swift */; };
		5B114002237A188D0097081D /* Main.storyboard in Resources */ = {isa = PBXBuildFile; fileRef = 5B114000237A188D0097081D /* Main.storyboard */; };
		5B114004237A188E0097081D /* Assets.xcassets in Resources */ = {isa = PBXBuildFile; fileRef = 5B114003237A188E0097081D /* Assets.xcassets */; };
		5B114007237A188E0097081D /* LaunchScreen.storyboard in Resources */ = {isa = PBXBuildFile; fileRef = 5B114005237A188E0097081D /* LaunchScreen.storyboard */; };
		5B114012237A188E0097081D /* ProyectoFinalTests.swift in Sources */ = {isa = PBXBuildFile; fileRef = 5B114011237A188E0097081D /* ProyectoFinalTests.swift */; };
		5B11401D237A188E0097081D /* ProyectoFinalUITests.swift in Sources */ = {isa = PBXBuildFile; fileRef = 5B11401C237A188E0097081D /* ProyectoFinalUITests.swift */; };
/* End PBXBuildFile section */

/* Begin PBXContainerItemProxy section */
		5B11400E237A188E0097081D /* PBXContainerItemProxy */ = {
			isa = PBXContainerItemProxy;
			containerPortal = 5B113FF1237A188D0097081D /* Project object */;
			proxyType = 1;
			remoteGlobalIDString = 5B113FF8237A188D0097081D;
			remoteInfo = ProyectoFinal;
		};
		5B114019237A188E0097081D /* PBXContainerItemProxy */ = {
			isa = PBXContainerItemProxy;
			containerPortal = 5B113FF1237A188D0097081D /* Project object */;
			proxyType = 1;
			remoteGlobalIDString = 5B113FF8237A188D0097081D;
			remoteInfo = ProyectoFinal;
		};
/* End PBXContainerItemProxy section */

/* Begin PBXFileReference section */
		5B113FF9237A188D0097081D /* ProyectoFinal.app */ = {isa = PBXFileReference; explicitFileType = wrapper.application; includeInIndex = 0; path = ProyectoFinal.app; sourceTree = BUILT_PRODUCTS_DIR; };
		5B113FFC237A188D0097081D /* AppDelegate.swift */ = {isa = PBXFileReference; lastKnownFileType = sourcecode.swift; path = AppDelegate.swift; sourceTree = "<group>"; };
		5B114001237A188D0097081D /* Base */ = {isa = PBXFileReference; lastKnownFileType = file.storyboard; name = Base; path = Base.lproj/Main.storyboard; sourceTree = "<group>"; };
		5B114003237A188E0097081D /* Assets.xcassets */ = {isa = PBXFileReference; lastKnownFileType = folder.assetcatalog; path = Assets.xcassets; sourceTree = "<group>"; };
		5B114006237A188E0097081D /* Base */ = {isa = PBXFileReference; lastKnownFileType = file.storyboard; name = Base; path = Base.lproj/LaunchScreen.storyboard; sourceTree = "<group>"; };
		5B114008237A188E0097081D /* Info.plist */ = {isa = PBXFileReference; lastKnownFileType = text.plist.xml; path = Info.plist; sourceTree = "<group>"; };
		5B11400D237A188E0097081D /* ProyectoFinalTests.xctest */ = {isa = PBXFileReference; explicitFileType = wrapper.cfbundle; includeInIndex = 0; path = ProyectoFinalTests.xctest; sourceTree = BUILT_PRODUCTS_DIR; };
		5B114011237A188E0097081D /* ProyectoFinalTests.swift */ = {isa = PBXFileReference; lastKnownFileType = sourcecode.swift; path = ProyectoFinalTests.swift; sourceTree = "<group>"; };
		5B114013237A188E0097081D /* Info.plist */ = {isa = PBXFileReference; lastKnownFileType = text.plist.xml; path = Info.plist; sourceTree = "<group>"; };
		5B114018237A188E0097081D /* ProyectoFinalUITests.xctest */ = {isa = PBXFileReference; explicitFileType = wrapper.cfbundle; includeInIndex = 0; path = ProyectoFinalUITests.xctest; sourceTree = BUILT_PRODUCTS_DIR; };
		5B11401C237A188E0097081D /* ProyectoFinalUITests.swift */ = {isa = PBXFileReference; lastKnownFileType = sourcecode.swift; path = ProyectoFinalUITests.swift; sourceTree = "<group>"; };
		5B11401E237A188E0097081D /* Info.plist */ = {isa = PBXFileReference; lastKnownFileType = text.plist.xml; path = Info.plist; sourceTree = "<group>"; };
/* End PBXFileReference section */

/* Begin PBXFrameworksBuildPhase section */
		5B113FF6237A188D0097081D /* Frameworks */ = {
			isa = PBXFrameworksBuildPhase;
			buildActionMask = 2147483647;
			files = (
			);
			runOnlyForDeploymentPostprocessing = 0;
		};
		5B11400A237A188E0097081D /* Frameworks */ = {
			isa = PBXFrameworksBuildPhase;
			buildActionMask = 2147483647;
			files = (
			);
			runOnlyForDeploymentPostprocessing = 0;
		};
		5B114015237A188E0097081D /* Frameworks */ = {
			isa = PBXFrameworksBuildPhase;
			buildActionMask = 2147483647;
			files = (
			);
			runOnlyForDeploymentPostprocessing = 0;
		};
/* End PBXFrameworksBuildPhase section */

/* Begin PBXGroup section */
		5B113FF0237A188D0097081D = {
			isa = PBXGroup;
			children = (
				5B113FFB237A188D0097081D /* ProyectoFinal */,
				5B114010237A188E0097081D /* ProyectoFinalTests */,
				5B11401B237A188E0097081D /* ProyectoFinalUITests */,
				5B113FFA237A188D0097081D /* Products */,
			);
			sourceTree = "<group>";
		};
		5B113FFA237A188D0097081D /* Products */ = {
			isa = PBXGroup;
			children = (
				5B113FF9237A188D0097081D /* ProyectoFinal.app */,
				5B11400D237A188E0097081D /* ProyectoFinalTests.xctest */,
				5B114018237A188E0097081D /* ProyectoFinalUITests.xctest */,
			);
			name = Products;
			sourceTree = "<group>";
		};
		5B113FFB237A188D0097081D /* ProyectoFinal */ = {
			isa = PBXGroup;
			children = (
				5B113FFC237A188D0097081D /* AppDelegate.swift */,
				5B114000237A188D0097081D /* Main.storyboard */,
				5B114003237A188E0097081D /* Assets.xcassets */,
				5B114005237A188E0097081D /* LaunchScreen.storyboard */,
				5B114008237A188E0097081D /* Info.plist */,
			);
			path = ProyectoFinal;
			sourceTree = "<group>";
		};
		5B114010237A188E0097081D /* ProyectoFinalTests */ = {
			isa = PBXGroup;
			children = (
				5B114011237A188E0097081D /* ProyectoFinalTests.swift */,
				5B114013237A188E0097081D /* Info.plist */,
			);
			path = ProyectoFinalTests;
			sourceTree = "<group>";
		};
		5B11401B237A188E0097081D /* ProyectoFinalUITests */ = {
			isa = PBXGroup;
			children = (
				5B11401C237A188E0097081D /* ProyectoFinalUITests.swift */,
				5B11401E237A188E0097081D /* Info.plist */,
			);
			path = ProyectoFinalUITests;
			sourceTree = "<group>";
		};
/* End PBXGroup section */

/* Begin PBXNativeTarget section */
		5B113FF8237A188D0097081D /* ProyectoFinal */ = {
			isa = PBXNativeTarget;
			buildConfigurationList = 5B114021237A188E0097081D /* Build configuration list for PBXNativeTarget "ProyectoFinal" */;
			buildPhases = (
				5B113FF5237A188D0097081D /* Sources */,
				5B113FF6237A188D0097081D /* Frameworks */,
				5B113FF7237A188D0097081D /* Resources */,
			);
			buildRules = (
			);
			dependencies = (
			);
			name = ProyectoFinal;
			productName = ProyectoFinal;
			productReference = 5B113FF9237A188D0097081D /* ProyectoFinal.app */;
			productType = "com.apple.product-type.application";
		};
		5B11400C237A188E0097081D /* ProyectoFinalTests */ = {
			isa = PBXNativeTarget;
			buildConfigurationList = 5B114024237A188E0097081D /* Build configuration list for PBXNativeTarget "ProyectoFinalTests" */;
			buildPhases = (
				5B114009237A188E0097081D /* Sources */,
				5B11400A237A188E0097081D /* Frameworks */,
				5B11400B237A188E0097081D /* Resources */,
			);
			buildRules = (
			);
			dependencies = (
				5B11400F237A188E0097081D /* PBXTargetDependency */,
			);
			name = ProyectoFinalTests;
			productName = ProyectoFinalTests;
			productReference = 5B11400D237A188E0097081D /* ProyectoFinalTests.xctest */;
			productType = "com.apple.product-type.bundle.unit-test";
		};
		5B114017237A188E0097081D /* ProyectoFinalUITests */ = {
			isa = PBXNativeTarget;
			buildConfigurationList = 5B114027237A188E0097081D /* Build configuration list for PBXNativeTarget "ProyectoFinalUITests" */;
			buildPhases = (
				5B114014237A188E0097081D /* Sources */,
				5B114015237A188E0097081D /* Frameworks */,
				5B114016237A188E0097081D /* Resources */,
			);
			buildRules = (
			);
			dependencies = (
				5B11401A237A188E0097081D /* PBXTargetDependency */,
			);
			name = ProyectoFinalUITests;
			productName = ProyectoFinalUITests;
			productReference = 5B114018237A188E0097081D /* ProyectoFinalUITests.xctest */;
			productType = "com.apple.product-type.bundle.ui-testing";
		};
/* End PBXNativeTarget section */

/* Begin PBXProject section */
		5B113FF1237A188D0097081D /* Project object */ = {
			isa = PBXProject;
			attributes = {
				LastSwiftUpdateCheck = 1030;
				LastUpgradeCheck = 1030;
				ORGANIZATIONNAME = Rodrigo;
				TargetAttributes = {
					5B113FF8237A188D0097081D = {
						CreatedOnToolsVersion = 10.3;
					};
					5B11400C237A188E0097081D = {
						CreatedOnToolsVersion = 10.3;
						TestTargetID = 5B113FF8237A188D0097081D;
					};
					5B114017237A188E0097081D = {
						CreatedOnToolsVersion = 10.3;
						TestTargetID = 5B113FF8237A188D0097081D;
					};
				};
			};
			buildConfigurationList = 5B113FF4237A188D0097081D /* Build configuration list for PBXProject "ProyectoFinal" */;
			compatibilityVersion = "Xcode 9.3";
			developmentRegion = en;
			hasScannedForEncodings = 0;
			knownRegions = (
				en,
				Base,
			);
			mainGroup = 5B113FF0237A188D0097081D;
			productRefGroup = 5B113FFA237A188D0097081D /* Products */;
			projectDirPath = "";
			projectRoot = "";
			targets = (
				5B113FF8237A188D0097081D /* ProyectoFinal */,
				5B11400C237A188E0097081D /* ProyectoFinalTests */,
				5B114017237A188E0097081D /* ProyectoFinalUITests */,
			);
		};
/* End PBXProject section */

/* Begin PBXResourcesBuildPhase section */
		5B113FF7237A188D0097081D /* Resources */ = {
			isa = PBXResourcesBuildPhase;
			buildActionMask = 2147483647;
			files = (
				5B114007237A188E0097081D /* LaunchScreen.storyboard in Resources */,
				5B114004237A188E0097081D /* Assets.xcassets in Resources */,
				5B114002237A188D0097081D /* Main.storyboard in Resources */,
			);
			runOnlyForDeploymentPostprocessing = 0;
		};
		5B11400B237A188E0097081D /* Resources */ = {
			isa = PBXResourcesBuildPhase;
			buildActionMask = 2147483647;
			files = (
			);
			runOnlyForDeploymentPostprocessing = 0;
		};
		5B114016237A188E0097081D /* Resources */ = {
			isa = PBXResourcesBuildPhase;
			buildActionMask = 2147483647;
			files = (
			);
			runOnlyForDeploymentPostprocessing = 0;
		};
/* End PBXResourcesBuildPhase section */

/* Begin PBXSourcesBuildPhase section */
		5B113FF5237A188D0097081D /* Sources */ = {
			isa = PBXSourcesBuildPhase;
			buildActionMask = 2147483647;
			files = (
				5B113FFD237A188D0097081D /* AppDelegate.swift in Sources */,
			);
			runOnlyForDeploymentPostprocessing = 0;
		};
		5B114009237A188E0097081D /* Sources */ = {
			isa = PBXSourcesBuildPhase;
			buildActionMask = 2147483647;
			files = (
				5B114012237A188E0097081D /* ProyectoFinalTests.swift in Sources */,
			);
			runOnlyForDeploymentPostprocessing = 0;
		};
		5B114014237A188E0097081D /* Sources */ = {
			isa = PBXSourcesBuildPhase;
			buildActionMask = 2147483647;
			files = (
				5B11401D237A188E0097081D /* ProyectoFinalUITests.swift in Sources */,
			);
			runOnlyForDeploymentPostprocessing = 0;
		};
/* End PBXSourcesBuildPhase section */

/* Begin PBXTargetDependency section */
		5B11400F237A188E0097081D /* PBXTargetDependency */ = {
			isa = PBXTargetDependency;
			target = 5B113FF8237A188D0097081D /* ProyectoFinal */;
			targetProxy = 5B11400E237A188E0097081D /* PBXContainerItemProxy */;
		};
		5B11401A237A188E0097081D /* PBXTargetDependency */ = {
			isa = PBXTargetDependency;
			target = 5B113FF8237A188D0097081D /* ProyectoFinal */;
			targetProxy = 5B114019237A188E0097081D /* PBXContainerItemProxy */;
		};
/* End PBXTargetDependency section */

/* Begin PBXVariantGroup section */
		5B114000237A188D0097081D /* Main.storyboard */ = {
			isa = PBXVariantGroup;
			children = (
				5B114001237A188D0097081D /* Base */,
			);
			name = Main.storyboard;
			sourceTree = "<group>";
		};
		5B114005237A188E0097081D /* LaunchScreen.storyboard */ = {
			isa = PBXVariantGroup;
			children = (
				5B114006237A188E0097081D /* Base */,
			);
			name = LaunchScreen.storyboard;
			sourceTree = "<group>";
		};
/* End PBXVariantGroup section */

/* Begin XCBuildConfiguration section */
		5B11401F237A188E0097081D /* Debug */ = {
			isa = XCBuildConfiguration;
			buildSettings = {
				ALWAYS_SEARCH_USER_PATHS = NO;
				CLANG_ANALYZER_NONNULL = YES;
				CLANG_ANALYZER_NUMBER_OBJECT_CONVERSION = YES_AGGRESSIVE;
				CLANG_CXX_LANGUAGE_STANDARD = "gnu++14";
				CLANG_CXX_LIBRARY = "libc++";
				CLANG_ENABLE_MODULES = YES;
				CLANG_ENABLE_OBJC_ARC = YES;
				CLANG_ENABLE_OBJC_WEAK = YES;
				CLANG_WARN_BLOCK_CAPTURE_AUTORELEASING = YES;
				CLANG_WARN_BOOL_CONVERSION = YES;
				CLANG_WARN_COMMA = YES;
				CLANG_WARN_CONSTANT_CONVERSION = YES;
				CLANG_WARN_DEPRECATED_OBJC_IMPLEMENTATIONS = YES;
				CLANG_WARN_DIRECT_OBJC_ISA_USAGE = YES_ERROR;
				CLANG_WARN_DOCUMENTATION_COMMENTS = YES;
				CLANG_WARN_EMPTY_BODY = YES;
				CLANG_WARN_ENUM_CONVERSION = YES;
				CLANG_WARN_INFINITE_RECURSION = YES;
				CLANG_WARN_INT_CONVERSION = YES;
				CLANG_WARN_NON_LITERAL_NULL_CONVERSION = YES;
				CLANG_WARN_OBJC_IMPLICIT_RETAIN_SELF = YES;
				CLANG_WARN_OBJC_LITERAL_CONVERSION = YES;
				CLANG_WARN_OBJC_ROOT_CLASS = YES_ERROR;
				CLANG_WARN_RANGE_LOOP_ANALYSIS = YES;
				CLANG_WARN_STRICT_PROTOTYPES = YES;
				CLANG_WARN_SUSPICIOUS_MOVE = YES;
				CLANG_WARN_UNGUARDED_AVAILABILITY = YES_AGGRESSIVE;
				CLANG_WARN_UNREACHABLE_CODE = YES;
				CLANG_WARN__DUPLICATE_METHOD_MATCH = YES;
				CODE_SIGN_IDENTITY = "iPhone Developer";
				COPY_PHASE_STRIP = NO;
				DEBUG_INFORMATION_FORMAT = dwarf;
				ENABLE_STRICT_OBJC_MSGSEND = YES;
				ENABLE_TESTABILITY = YES;
				GCC_C_LANGUAGE_STANDARD = gnu11;
				GCC_DYNAMIC_NO_PIC = NO;
				GCC_NO_COMMON_BLOCKS = YES;
				GCC_OPTIMIZATION_LEVEL = 0;
				GCC_PREPROCESSOR_DEFINITIONS = (
					"DEBUG=1",
					"$(inherited)",
				);
				GCC_WARN_64_TO_32_BIT_CONVERSION = YES;
				GCC_WARN_ABOUT_RETURN_TYPE = YES_ERROR;
				GCC_WARN_UNDECLARED_SELECTOR = YES;
				GCC_WARN_UNINITIALIZED_AUTOS = YES_AGGRESSIVE;
				GCC_WARN_UNUSED_FUNCTION = YES;
				GCC_WARN_UNUSED_VARIABLE = YES;
				IPHONEOS_DEPLOYMENT_TARGET = 12.4;
				MTL_ENABLE_DEBUG_INFO = INCLUDE_SOURCE;
				MTL_FAST_MATH = YES;
				ONLY_ACTIVE_ARCH = YES;
				SDKROOT = iphoneos;
				SWIFT_ACTIVE_COMPILATION_CONDITIONS = DEBUG;
				SWIFT_OPTIMIZATION_LEVEL = "-Onone";
			};
			name = Debug;
		};
		5B114020237A188E0097081D /* Release */ = {
			isa = XCBuildConfiguration;
			buildSettings = {
				ALWAYS_SEARCH_USER_PATHS = NO;
				CLANG_ANALYZER_NONNULL = YES;
				CLANG_ANALYZER_NUMBER_OBJECT_CONVERSION = YES_AGGRESSIVE;
				CLANG_CXX_LANGUAGE_STANDARD = "gnu++14";
				CLANG_CXX_LIBRARY = "libc++";
				CLANG_ENABLE_MODULES = YES;
				CLANG_ENABLE_OBJC_ARC = YES;
				CLANG_ENABLE_OBJC_WEAK = YES;
				CLANG_WARN_BLOCK_CAPTURE_AUTORELEASING = YES;
				CLANG_WARN_BOOL_CONVERSION = YES;
				CLANG_WARN_COMMA = YES;
				CLANG_WARN_CONSTANT_CONVERSION = YES;
				CLANG_WARN_DEPRECATED_OBJC_IMPLEMENTATIONS = YES;
				CLANG_WARN_DIRECT_OBJC_ISA_USAGE = YES_ERROR;
				CLANG_WARN_DOCUMENTATION_COMMENTS = YES;
				CLANG_WARN_EMPTY_BODY = YES;
				CLANG_WARN_ENUM_CONVERSION = YES;
				CLANG_WARN_INFINITE_RECURSION = YES;
				CLANG_WARN_INT_CONVERSION = YES;
				CLANG_WARN_NON_LITERAL_NULL_CONVERSION = YES;
				CLANG_WARN_OBJC_IMPLICIT_RETAIN_SELF = YES;
				CLANG_WARN_OBJC_LITERAL_CONVERSION = YES;
				CLANG_WARN_OBJC_ROOT_CLASS = YES_ERROR;
				CLANG_WARN_RANGE_LOOP_ANALYSIS = YES;
				CLANG_WARN_STRICT_PROTOTYPES = YES;
				CLANG_WARN_SUSPICIOUS_MOVE = YES;
				CLANG_WARN_UNGUARDED_AVAILABILITY = YES_AGGRESSIVE;
				CLANG_WARN_UNREACHABLE_CODE = YES;
				CLANG_WARN__DUPLICATE_METHOD_MATCH = YES;
				CODE_SIGN_IDENTITY = "iPhone Developer";
				COPY_PHASE_STRIP = NO;
				DEBUG_INFORMATION_FORMAT = "dwarf-with-dsym";
				ENABLE_NS_ASSERTIONS = NO;
				ENABLE_STRICT_OBJC_MSGSEND = YES;
				GCC_C_LANGUAGE_STANDARD = gnu11;
				GCC_NO_COMMON_BLOCKS = YES;
				GCC_WARN_64_TO_32_BIT_CONVERSION = YES;
				GCC_WARN_ABOUT_RETURN_TYPE = YES_ERROR;
				GCC_WARN_UNDECLARED_SELECTOR = YES;
				GCC_WARN_UNINITIALIZED_AUTOS = YES_AGGRESSIVE;
				GCC_WARN_UNUSED_FUNCTION = YES;
				GCC_WARN_UNUSED_VARIABLE = YES;
				IPHONEOS_DEPLOYMENT_TARGET = 12.4;
				MTL_ENABLE_DEBUG_INFO = NO;
				MTL_FAST_MATH = YES;
				SDKROOT = iphoneos;
				SWIFT_COMPILATION_MODE = wholemodule;
				SWIFT_OPTIMIZATION_LEVEL = "-O";
				VALIDATE_PRODUCT = YES;
			};
			name = Release;
		};
		5B114022237A188E0097081D /* Debug */ = {
			isa = XCBuildConfiguration;
			buildSettings = {
				ASSETCATALOG_COMPILER_APPICON_NAME = AppIcon;
				CODE_SIGN_STYLE = Automatic;
				INFOPLIST_FILE = ProyectoFinal/Info.plist;
				LD_RUNPATH_SEARCH_PATHS = (
					"$(inherited)",
					"@executable_path/Frameworks",
				);
				PRODUCT_BUNDLE_IDENTIFIER = AppsMoviles.ProyectoFinal;
				PRODUCT_NAME = "$(TARGET_NAME)";
				SWIFT_VERSION = 5.0;
				TARGETED_DEVICE_FAMILY = "1,2";
			};
			name = Debug;
		};
		5B114023237A188E0097081D /* Release */ = {
			isa = XCBuildConfiguration;
			buildSettings = {
				ASSETCATALOG_COMPILER_APPICON_NAME = AppIcon;
				CODE_SIGN_STYLE = Automatic;
				INFOPLIST_FILE = ProyectoFinal/Info.plist;
				LD_RUNPATH_SEARCH_PATHS = (
					"$(inherited)",
					"@executable_path/Frameworks",
				);
				PRODUCT_BUNDLE_IDENTIFIER = AppsMoviles.ProyectoFinal;
				PRODUCT_NAME = "$(TARGET_NAME)";
				SWIFT_VERSION = 5.0;
				TARGETED_DEVICE_FAMILY = "1,2";
			};
			name = Release;
		};
		5B114025237A188E0097081D /* Debug */ = {
			isa = XCBuildConfiguration;
			buildSettings = {
				ALWAYS_EMBED_SWIFT_STANDARD_LIBRARIES = YES;
				BUNDLE_LOADER = "$(TEST_HOST)";
				CODE_SIGN_STYLE = Automatic;
				INFOPLIST_FILE = ProyectoFinalTests/Info.plist;
				LD_RUNPATH_SEARCH_PATHS = (
					"$(inherited)",
					"@executable_path/Frameworks",
					"@loader_path/Frameworks",
				);
				PRODUCT_BUNDLE_IDENTIFIER = AppsMoviles.ProyectoFinalTests;
				PRODUCT_NAME = "$(TARGET_NAME)";
				SWIFT_VERSION = 5.0;
				TARGETED_DEVICE_FAMILY = "1,2";
				TEST_HOST = "$(BUILT_PRODUCTS_DIR)/ProyectoFinal.app/ProyectoFinal";
			};
			name = Debug;
		};
		5B114026237A188E0097081D /* Release */ = {
			isa = XCBuildConfiguration;
			buildSettings = {
				ALWAYS_EMBED_SWIFT_STANDARD_LIBRARIES = YES;
				BUNDLE_LOADER = "$(TEST_HOST)";
				CODE_SIGN_STYLE = Automatic;
				INFOPLIST_FILE = ProyectoFinalTests/Info.plist;
				LD_RUNPATH_SEARCH_PATHS = (
					"$(inherited)",
					"@executable_path/Frameworks",
					"@loader_path/Frameworks",
				);
				PRODUCT_BUNDLE_IDENTIFIER = AppsMoviles.ProyectoFinalTests;
				PRODUCT_NAME = "$(TARGET_NAME)";
				SWIFT_VERSION = 5.0;
				TARGETED_DEVICE_FAMILY = "1,2";
				TEST_HOST = "$(BUILT_PRODUCTS_DIR)/ProyectoFinal.app/ProyectoFinal";
			};
			name = Release;
		};
		5B114028237A188E0097081D /* Debug */ = {
			isa = XCBuildConfiguration;
			buildSettings = {
				ALWAYS_EMBED_SWIFT_STANDARD_LIBRARIES = YES;
				CODE_SIGN_STYLE = Automatic;
				INFOPLIST_FILE = ProyectoFinalUITests/Info.plist;
				LD_RUNPATH_SEARCH_PATHS = (
					"$(inherited)",
					"@executable_path/Frameworks",
					"@loader_path/Frameworks",
				);
				PRODUCT_BUNDLE_IDENTIFIER = AppsMoviles.ProyectoFinalUITests;
				PRODUCT_NAME = "$(TARGET_NAME)";
				SWIFT_VERSION = 5.0;
				TARGETED_DEVICE_FAMILY = "1,2";
				TEST_TARGET_NAME = ProyectoFinal;
			};
			name = Debug;
		};
		5B114029237A188E0097081D /* Release */ = {
			isa = XCBuildConfiguration;
			buildSettings = {
				ALWAYS_EMBED_SWIFT_STANDARD_LIBRARIES = YES;
				CODE_SIGN_STYLE = Automatic;
				INFOPLIST_FILE = ProyectoFinalUITests/Info.plist;
				LD_RUNPATH_SEARCH_PATHS = (
					"$(inherited)",
					"@executable_path/Frameworks",
					"@loader_path/Frameworks",
				);
				PRODUCT_BUNDLE_IDENTIFIER = AppsMoviles.ProyectoFinalUITests;
				PRODUCT_NAME = "$(TARGET_NAME)";
				SWIFT_VERSION = 5.0;
				TARGETED_DEVICE_FAMILY = "1,2";
				TEST_TARGET_NAME = ProyectoFinal;
			};
			name = Release;
		};
/* End XCBuildConfiguration section */

/* Begin XCConfigurationList section */
		5B113FF4237A188D0097081D /* Build configuration list for PBXProject "ProyectoFinal" */ = {
			isa = XCConfigurationList;
			buildConfigurations = (
				5B11401F237A188E0097081D /* Debug */,
				5B114020237A188E0097081D /* Release */,
			);
			defaultConfigurationIsVisible = 0;
			defaultConfigurationName = Release;
		};
		5B114021237A188E0097081D /* Build configuration list for PBXNativeTarget "ProyectoFinal" */ = {
			isa = XCConfigurationList;
			buildConfigurations = (
				5B114022237A188E0097081D /* Debug */,
				5B114023237A188E0097081D /* Release */,
			);
			defaultConfigurationIsVisible = 0;
			defaultConfigurationName = Release;
		};
		5B114024237A188E0097081D /* Build configuration list for PBXNativeTarget "ProyectoFinalTests" */ = {
			isa = XCConfigurationList;
			buildConfigurations = (
				5B114025237A188E0097081D /* Debug */,
				5B114026237A188E0097081D /* Release */,
			);
			defaultConfigurationIsVisible = 0;
			defaultConfigurationName = Release;
		};
		5B114027237A188E0097081D /* Build configuration list for PBXNativeTarget "ProyectoFinalUITests" */ = {
			isa = XCConfigurationList;
			buildConfigurations = (
				5B114028237A188E0097081D /* Debug */,
				5B114029237A188E0097081D /* Release */,
			);
			defaultConfigurationIsVisible = 0;
			defaultConfigurationName = Release;
		};
/* End XCConfigurationList section */
	};
	rootObject = 5B113FF1237A188D0097081D /* Project object */;
}
